
Microsoft Visual Studio Solution File, Format Version 12.00
# Visual Studio 15
VisualStudioVersion = 15.0.28307.168
MinimumVisualStudioVersion = 10.0.40219.1
Project("{9A19103F-16F7-4668-BE54-9A1E7A4F7556}") = "AyaxApi", "AyaxApi\AyaxApi.csproj", "{BF2B5D91-CA66-4508-B2CA-DD49BEA366CC}"
EndProject
Project("{FAE04EC0-301F-11D3-BF4B-00C04F79EFBC}") = "AyaxApi.Tests", "TestAyaxApi\AyaxApi.Tests.csproj", "{2EF5FC3D-AA18-4649-B9E6-F18B83C92EAE}"
EndProject
Global
	GlobalSection(SolutionConfigurationPlatforms) = preSolution
		Debug|Any CPU = Debug|Any CPU
		Release|Any CPU = Release|Any CPU
	EndGlobalSection
	GlobalSection(ProjectConfigurationPlatforms) = postSolution
		{BF2B5D91-CA66-4508-B2CA-DD49BEA366CC}.Debug|Any CPU.ActiveCfg = Debug|Any CPU
		{BF2B5D91-CA66-4508-B2CA-DD49BEA366CC}.Debug|Any CPU.Build.0 = Debug|Any CPU
		{BF2B5D91-CA66-4508-B2CA-DD49BEA366CC}.Release|Any CPU.ActiveCfg = Release|Any CPU
		{BF2B5D91-CA66-4508-B2CA-DD49BEA366CC}.Release|Any CPU.Build.0 = Release|Any CPU
		{2EF5FC3D-AA18-4649-B9E6-F18B83C92EAE}.Debug|Any CPU.ActiveCfg = Debug|Any CPU
		{2EF5FC3D-AA18-4649-B9E6-F18B83C92EAE}.Debug|Any CPU.Build.0 = Debug|Any CPU
		{2EF5FC3D-AA18-4649-B9E6-F18B83C92EAE}.Release|Any CPU.ActiveCfg = Release|Any CPU
		{2EF5FC3D-AA18-4649-B9E6-F18B83C92EAE}.Release|Any CPU.Build.0 = Release|Any CPU
	EndGlobalSection
	GlobalSection(SolutionProperties) = preSolution
		HideSolutionNode = FALSE
	EndGlobalSection
	GlobalSection(ExtensibilityGlobals) = postSolution
		SolutionGuid = {01115A3E-B908-42DD-886A-C557180855F0}
	EndGlobalSection
EndGlobal
